
Microsoft Visual Studio Solution File, Format Version 12.00
# Visual Studio Version 18
VisualStudioVersion = 18.1.11304.174 d18.0
MinimumVisualStudioVersion = 10.0.40219.1
Project("{FAE04EC0-301F-11D3-BF4B-00C04F79EFBC}") = "OpenDify.NET", "OpenDify.NET\OpenDify.NET.csproj", "{2A922BEA-3259-9B27-B37C-FE97B93B57BA}"
EndProject
Project("{FAE04EC0-301F-11D3-BF4B-00C04F79EFBC}") = "OpenDify.NET.Tests", "OpenDify.NET.Tests\OpenDify.NET.Tests.csproj", "{C5B21E6C-B68F-F5E7-B924-7B7DB8227CB6}"
EndProject
Global
	GlobalSection(SolutionConfigurationPlatforms) = preSolution
		Debug|Any CPU = Debug|Any CPU
		Release|Any CPU = Release|Any CPU
	EndGlobalSection
	GlobalSection(ProjectConfigurationPlatforms) = postSolution
		{2A922BEA-3259-9B27-B37C-FE97B93B57BA}.Debug|Any CPU.ActiveCfg = Debug|Any CPU
		{2A922BEA-3259-9B27-B37C-FE97B93B57BA}.Debug|Any CPU.Build.0 = Debug|Any CPU
		{2A922BEA-3259-9B27-B37C-FE97B93B57BA}.Release|Any CPU.ActiveCfg = Release|Any CPU
		{2A922BEA-3259-9B27-B37C-FE97B93B57BA}.Release|Any CPU.Build.0 = Release|Any CPU
		{C5B21E6C-B68F-F5E7-B924-7B7DB8227CB6}.Debug|Any CPU.ActiveCfg = Debug|Any CPU
		{C5B21E6C-B68F-F5E7-B924-7B7DB8227CB6}.Debug|Any CPU.Build.0 = Debug|Any CPU
		{C5B21E6C-B68F-F5E7-B924-7B7DB8227CB6}.Release|Any CPU.ActiveCfg = Release|Any CPU
		{C5B21E6C-B68F-F5E7-B924-7B7DB8227CB6}.Release|Any CPU.Build.0 = Release|Any CPU
	EndGlobalSection
	GlobalSection(SolutionProperties) = preSolution
		HideSolutionNode = FALSE
	EndGlobalSection
	GlobalSection(ExtensibilityGlobals) = postSolution
		SolutionGuid = {76FAC1D7-ACE3-4ADF-8CEB-0EB5A92BAD32}
	EndGlobalSection
EndGlobal
